// !$*UTF8*$!
{
	archiveVersion = 1;
	classes = {
	};
	objectVersion = 56;
	objects = {

/* Begin PBXBuildFile section */
		7EB4924E2FC7940FC4E6EBC7 /* Pods_GitHubUsersTests.framework in Frameworks */ = {isa = PBXBuildFile; fileRef = B0818AAA8C4FEBC8C2BBF525 /* Pods_GitHubUsersTests.framework */; };
		B44490072B19EC42004869AE /* GitHubUsersApp.swift in Sources */ = {isa = PBXBuildFile; fileRef = B44490062B19EC42004869AE /* GitHubUsersApp.swift */; };
		B444900B2B19EC42004869AE /* Assets.xcassets in Resources */ = {isa = PBXBuildFile; fileRef = B444900A2B19EC42004869AE /* Assets.xcassets */; };
		B444900E2B19EC42004869AE /* Preview Assets.xcassets in Resources */ = {isa = PBXBuildFile; fileRef = B444900D2B19EC42004869AE /* Preview Assets.xcassets */; };
		B44490182B19EC43004869AE /* GitHubUsersTests.swift in Sources */ = {isa = PBXBuildFile; fileRef = B44490172B19EC43004869AE /* GitHubUsersTests.swift */; };
		B44490222B19EC43004869AE /* GitHubUsersUITests.swift in Sources */ = {isa = PBXBuildFile; fileRef = B44490212B19EC43004869AE /* GitHubUsersUITests.swift */; };
		B44490242B19EC43004869AE /* GitHubUsersUITestsLaunchTests.swift in Sources */ = {isa = PBXBuildFile; fileRef = B44490232B19EC43004869AE /* GitHubUsersUITestsLaunchTests.swift */; };
		B44490332B19ECD0004869AE /* User.swift in Sources */ = {isa = PBXBuildFile; fileRef = B44490322B19ECD0004869AE /* User.swift */; };
		B44490352B19ED2C004869AE /* GitHubUsersRepository.swift in Sources */ = {isa = PBXBuildFile; fileRef = B44490342B19ED2C004869AE /* GitHubUsersRepository.swift */; };
		B44490372B19EF0A004869AE /* GitHubUsersRequest.swift in Sources */ = {isa = PBXBuildFile; fileRef = B44490362B19EF0A004869AE /* GitHubUsersRequest.swift */; };
		B444903A2B19F1C7004869AE /* UserListViewModel.swift in Sources */ = {isa = PBXBuildFile; fileRef = B44490392B19F1C7004869AE /* UserListViewModel.swift */; };
		B444903D2B19F34F004869AE /* UserListCellView.swift in Sources */ = {isa = PBXBuildFile; fileRef = B444903C2B19F34F004869AE /* UserListCellView.swift */; };
		B444903F2B19F39C004869AE /* UserListView.swift in Sources */ = {isa = PBXBuildFile; fileRef = B444903E2B19F39C004869AE /* UserListView.swift */; };
		B44490412B19F3D2004869AE /* WebView.swift in Sources */ = {isa = PBXBuildFile; fileRef = B44490402B19F3D2004869AE /* WebView.swift */; };
		B44490432B1AC24B004869AE /* APIKit.SessionTaskError+.swift in Sources */ = {isa = PBXBuildFile; fileRef = B44490422B1AC24B004869AE /* APIKit.SessionTaskError+.swift */; };
		F0CCBEBBCBDF313AE41ED15E /* Pods_GitHubUsers.framework in Frameworks */ = {isa = PBXBuildFile; fileRef = FA559C7972AAC701280F5B93 /* Pods_GitHubUsers.framework */; };
		FF1FE719419B1EE800A602DF /* Pods_GitHubUsers_GitHubUsersUITests.framework in Frameworks */ = {isa = PBXBuildFile; fileRef = 81399576A4820313B63E86DD /* Pods_GitHubUsers_GitHubUsersUITests.framework */; };
/* End PBXBuildFile section */

/* Begin PBXContainerItemProxy section */
		B44490142B19EC43004869AE /* PBXContainerItemProxy */ = {
			isa = PBXContainerItemProxy;
			containerPortal = B4448FFB2B19EC42004869AE /* Project object */;
			proxyType = 1;
			remoteGlobalIDString = B44490022B19EC42004869AE;
			remoteInfo = GitHubUsers;
		};
		B444901E2B19EC43004869AE /* PBXContainerItemProxy */ = {
			isa = PBXContainerItemProxy;
			containerPortal = B4448FFB2B19EC42004869AE /* Project object */;
			proxyType = 1;
			remoteGlobalIDString = B44490022B19EC42004869AE;
			remoteInfo = GitHubUsers;
		};
/* End PBXContainerItemProxy section */

/* Begin PBXFileReference section */
		15BC5790274842C06CCB402E /* Pods-GitHubUsers-GitHubUsersUITests.debug.xcconfig */ = {isa = PBXFileReference; includeInIndex = 1; lastKnownFileType = text.xcconfig; name = "Pods-GitHubUsers-GitHubUsersUITests.debug.xcconfig"; path = "Target Support Files/Pods-GitHubUsers-GitHubUsersUITests/Pods-GitHubUsers-GitHubUsersUITests.debug.xcconfig"; sourceTree = "<group>"; };
		329C90677CB56559F20F3485 /* Pods-GitHubUsers-GitHubUsersUITests.release.xcconfig */ = {isa = PBXFileReference; includeInIndex = 1; lastKnownFileType = text.xcconfig; name = "Pods-GitHubUsers-GitHubUsersUITests.release.xcconfig"; path = "Target Support Files/Pods-GitHubUsers-GitHubUsersUITests/Pods-GitHubUsers-GitHubUsersUITests.release.xcconfig"; sourceTree = "<group>"; };
		50BE75575B21C184D2E41042 /* Pods-GitHubUsers.debug.xcconfig */ = {isa = PBXFileReference; includeInIndex = 1; lastKnownFileType = text.xcconfig; name = "Pods-GitHubUsers.debug.xcconfig"; path = "Target Support Files/Pods-GitHubUsers/Pods-GitHubUsers.debug.xcconfig"; sourceTree = "<group>"; };
		81399576A4820313B63E86DD /* Pods_GitHubUsers_GitHubUsersUITests.framework */ = {isa = PBXFileReference; explicitFileType = wrapper.framework; includeInIndex = 0; path = Pods_GitHubUsers_GitHubUsersUITests.framework; sourceTree = BUILT_PRODUCTS_DIR; };
		B0818AAA8C4FEBC8C2BBF525 /* Pods_GitHubUsersTests.framework */ = {isa = PBXFileReference; explicitFileType = wrapper.framework; includeInIndex = 0; path = Pods_GitHubUsersTests.framework; sourceTree = BUILT_PRODUCTS_DIR; };
		B44490032B19EC42004869AE /* GitHubUsers.app */ = {isa = PBXFileReference; explicitFileType = wrapper.application; includeInIndex = 0; path = GitHubUsers.app; sourceTree = BUILT_PRODUCTS_DIR; };
		B44490062B19EC42004869AE /* GitHubUsersApp.swift */ = {isa = PBXFileReference; lastKnownFileType = sourcecode.swift; path = GitHubUsersApp.swift; sourceTree = "<group>"; };
		B444900A2B19EC42004869AE /* Assets.xcassets */ = {isa = PBXFileReference; lastKnownFileType = folder.assetcatalog; path = Assets.xcassets; sourceTree = "<group>"; };
		B444900D2B19EC42004869AE /* Preview Assets.xcassets */ = {isa = PBXFileReference; lastKnownFileType = folder.assetcatalog; path = "Preview Assets.xcassets"; sourceTree = "<group>"; };
		B44490132B19EC43004869AE /* GitHubUsersTests.xctest */ = {isa = PBXFileReference; explicitFileType = wrapper.cfbundle; includeInIndex = 0; path = GitHubUsersTests.xctest; sourceTree = BUILT_PRODUCTS_DIR; };
		B44490172B19EC43004869AE /* GitHubUsersTests.swift */ = {isa = PBXFileReference; lastKnownFileType = sourcecode.swift; path = GitHubUsersTests.swift; sourceTree = "<group>"; };
		B444901D2B19EC43004869AE /* GitHubUsersUITests.xctest */ = {isa = PBXFileReference; explicitFileType = wrapper.cfbundle; includeInIndex = 0; path = GitHubUsersUITests.xctest; sourceTree = BUILT_PRODUCTS_DIR; };
		B44490212B19EC43004869AE /* GitHubUsersUITests.swift */ = {isa = PBXFileReference; lastKnownFileType = sourcecode.swift; path = GitHubUsersUITests.swift; sourceTree = "<group>"; };
		B44490232B19EC43004869AE /* GitHubUsersUITestsLaunchTests.swift */ = {isa = PBXFileReference; lastKnownFileType = sourcecode.swift; path = GitHubUsersUITestsLaunchTests.swift; sourceTree = "<group>"; };
		B44490322B19ECD0004869AE /* User.swift */ = {isa = PBXFileReference; lastKnownFileType = sourcecode.swift; path = User.swift; sourceTree = "<group>"; };
		B44490342B19ED2C004869AE /* GitHubUsersRepository.swift */ = {isa = PBXFileReference; lastKnownFileType = sourcecode.swift; path = GitHubUsersRepository.swift; sourceTree = "<group>"; };
		B44490362B19EF0A004869AE /* GitHubUsersRequest.swift */ = {isa = PBXFileReference; lastKnownFileType = sourcecode.swift; path = GitHubUsersRequest.swift; sourceTree = "<group>"; };
		B44490392B19F1C7004869AE /* UserListViewModel.swift */ = {isa = PBXFileReference; lastKnownFileType = sourcecode.swift; path = UserListViewModel.swift; sourceTree = "<group>"; };
		B444903C2B19F34F004869AE /* UserListCellView.swift */ = {isa = PBXFileReference; lastKnownFileType = sourcecode.swift; path = UserListCellView.swift; sourceTree = "<group>"; };
		B444903E2B19F39C004869AE /* UserListView.swift */ = {isa = PBXFileReference; lastKnownFileType = sourcecode.swift; path = UserListView.swift; sourceTree = "<group>"; };
		B44490402B19F3D2004869AE /* WebView.swift */ = {isa = PBXFileReference; lastKnownFileType = sourcecode.swift; path = WebView.swift; sourceTree = "<group>"; };
		B44490422B1AC24B004869AE /* APIKit.SessionTaskError+.swift */ = {isa = PBXFileReference; lastKnownFileType = sourcecode.swift; path = "APIKit.SessionTaskError+.swift"; sourceTree = "<group>"; };
		BC12BD9335B819B1AA0C8054 /* Pods-GitHubUsers.release.xcconfig */ = {isa = PBXFileReference; includeInIndex = 1; lastKnownFileType = text.xcconfig; name = "Pods-GitHubUsers.release.xcconfig"; path = "Target Support Files/Pods-GitHubUsers/Pods-GitHubUsers.release.xcconfig"; sourceTree = "<group>"; };
		E35B89FF70B4A06A45E7BF45 /* Pods-GitHubUsersTests.debug.xcconfig */ = {isa = PBXFileReference; includeInIndex = 1; lastKnownFileType = text.xcconfig; name = "Pods-GitHubUsersTests.debug.xcconfig"; path = "Target Support Files/Pods-GitHubUsersTests/Pods-GitHubUsersTests.debug.xcconfig"; sourceTree = "<group>"; };
		E971D9324D37E4556B154FC5 /* Pods-GitHubUsersTests.release.xcconfig */ = {isa = PBXFileReference; includeInIndex = 1; lastKnownFileType = text.xcconfig; name = "Pods-GitHubUsersTests.release.xcconfig"; path = "Target Support Files/Pods-GitHubUsersTests/Pods-GitHubUsersTests.release.xcconfig"; sourceTree = "<group>"; };
		FA559C7972AAC701280F5B93 /* Pods_GitHubUsers.framework */ = {isa = PBXFileReference; explicitFileType = wrapper.framework; includeInIndex = 0; path = Pods_GitHubUsers.framework; sourceTree = BUILT_PRODUCTS_DIR; };
/* End PBXFileReference section */

/* Begin PBXFrameworksBuildPhase section */
		B44490002B19EC42004869AE /* Frameworks */ = {
			isa = PBXFrameworksBuildPhase;
			buildActionMask = 2147483647;
			files = (
				F0CCBEBBCBDF313AE41ED15E /* Pods_GitHubUsers.framework in Frameworks */,
			);
			runOnlyForDeploymentPostprocessing = 0;
		};
		B44490102B19EC43004869AE /* Frameworks */ = {
			isa = PBXFrameworksBuildPhase;
			buildActionMask = 2147483647;
			files = (
				7EB4924E2FC7940FC4E6EBC7 /* Pods_GitHubUsersTests.framework in Frameworks */,
			);
			runOnlyForDeploymentPostprocessing = 0;
		};
		B444901A2B19EC43004869AE /* Frameworks */ = {
			isa = PBXFrameworksBuildPhase;
			buildActionMask = 2147483647;
			files = (
				FF1FE719419B1EE800A602DF /* Pods_GitHubUsers_GitHubUsersUITests.framework in Frameworks */,
			);
			runOnlyForDeploymentPostprocessing = 0;
		};
/* End PBXFrameworksBuildPhase section */

/* Begin PBXGroup section */
		941F04E05FEBDD19534F156C /* Pods */ = {
			isa = PBXGroup;
			children = (
				50BE75575B21C184D2E41042 /* Pods-GitHubUsers.debug.xcconfig */,
				BC12BD9335B819B1AA0C8054 /* Pods-GitHubUsers.release.xcconfig */,
				15BC5790274842C06CCB402E /* Pods-GitHubUsers-GitHubUsersUITests.debug.xcconfig */,
				329C90677CB56559F20F3485 /* Pods-GitHubUsers-GitHubUsersUITests.release.xcconfig */,
				E35B89FF70B4A06A45E7BF45 /* Pods-GitHubUsersTests.debug.xcconfig */,
				E971D9324D37E4556B154FC5 /* Pods-GitHubUsersTests.release.xcconfig */,
			);
			path = Pods;
			sourceTree = "<group>";
		};
		AC860DA64D10124AF667C5EF /* Frameworks */ = {
			isa = PBXGroup;
			children = (
				FA559C7972AAC701280F5B93 /* Pods_GitHubUsers.framework */,
				81399576A4820313B63E86DD /* Pods_GitHubUsers_GitHubUsersUITests.framework */,
				B0818AAA8C4FEBC8C2BBF525 /* Pods_GitHubUsersTests.framework */,
			);
			name = Frameworks;
			sourceTree = "<group>";
		};
		B4448FFA2B19EC42004869AE = {
			isa = PBXGroup;
			children = (
				B44490052B19EC42004869AE /* GitHubUsers */,
				B44490162B19EC43004869AE /* GitHubUsersTests */,
				B44490202B19EC43004869AE /* GitHubUsersUITests */,
				B44490042B19EC42004869AE /* Products */,
				941F04E05FEBDD19534F156C /* Pods */,
				AC860DA64D10124AF667C5EF /* Frameworks */,
			);
			sourceTree = "<group>";
		};
		B44490042B19EC42004869AE /* Products */ = {
			isa = PBXGroup;
			children = (
				B44490032B19EC42004869AE /* GitHubUsers.app */,
				B44490132B19EC43004869AE /* GitHubUsersTests.xctest */,
				B444901D2B19EC43004869AE /* GitHubUsersUITests.xctest */,
			);
			name = Products;
			sourceTree = "<group>";
		};
		B44490052B19EC42004869AE /* GitHubUsers */ = {
			isa = PBXGroup;
			children = (
				B444903B2B19F33E004869AE /* View */,
				B44490382B19F1A6004869AE /* ViewModel */,
				B44490312B19EC82004869AE /* Entity */,
				B44490302B19EC62004869AE /* Repository */,
				B44490062B19EC42004869AE /* GitHubUsersApp.swift */,
				B444900A2B19EC42004869AE /* Assets.xcassets */,
				B444900C2B19EC42004869AE /* Preview Content */,
			);
			path = GitHubUsers;
			sourceTree = "<group>";
		};
		B444900C2B19EC42004869AE /* Preview Content */ = {
			isa = PBXGroup;
			children = (
				B444900D2B19EC42004869AE /* Preview Assets.xcassets */,
			);
			path = "Preview Content";
			sourceTree = "<group>";
		};
		B44490162B19EC43004869AE /* GitHubUsersTests */ = {
			isa = PBXGroup;
			children = (
				B44490172B19EC43004869AE /* GitHubUsersTests.swift */,
			);
			path = GitHubUsersTests;
			sourceTree = "<group>";
		};
		B44490202B19EC43004869AE /* GitHubUsersUITests */ = {
			isa = PBXGroup;
			children = (
				B44490212B19EC43004869AE /* GitHubUsersUITests.swift */,
				B44490232B19EC43004869AE /* GitHubUsersUITestsLaunchTests.swift */,
			);
			path = GitHubUsersUITests;
			sourceTree = "<group>";
		};
		B44490302B19EC62004869AE /* Repository */ = {
			isa = PBXGroup;
			children = (
				B44490342B19ED2C004869AE /* GitHubUsersRepository.swift */,
				B44490362B19EF0A004869AE /* GitHubUsersRequest.swift */,
				B44490422B1AC24B004869AE /* APIKit.SessionTaskError+.swift */,
			);
			path = Repository;
			sourceTree = "<group>";
		};
		B44490312B19EC82004869AE /* Entity */ = {
			isa = PBXGroup;
			children = (
				B44490322B19ECD0004869AE /* User.swift */,
			);
			path = Entity;
			sourceTree = "<group>";
		};
		B44490382B19F1A6004869AE /* ViewModel */ = {
			isa = PBXGroup;
			children = (
				B44490392B19F1C7004869AE /* UserListViewModel.swift */,
			);
			path = ViewModel;
			sourceTree = "<group>";
		};
		B444903B2B19F33E004869AE /* View */ = {
			isa = PBXGroup;
			children = (
				B444903C2B19F34F004869AE /* UserListCellView.swift */,
				B444903E2B19F39C004869AE /* UserListView.swift */,
				B44490402B19F3D2004869AE /* WebView.swift */,
			);
			path = View;
			sourceTree = "<group>";
		};
/* End PBXGroup section */

/* Begin PBXNativeTarget section */
		B44490022B19EC42004869AE /* GitHubUsers */ = {
			isa = PBXNativeTarget;
			buildConfigurationList = B44490272B19EC43004869AE /* Build configuration list for PBXNativeTarget "GitHubUsers" */;
			buildPhases = (
				C2BA0170792DCDAFD6D2BBB8 /* [CP] Check Pods Manifest.lock */,
				B4448FFF2B19EC42004869AE /* Sources */,
				B44490002B19EC42004869AE /* Frameworks */,
				B44490012B19EC42004869AE /* Resources */,
				6FC990DC25341CD640C28B5A /* [CP] Embed Pods Frameworks */,
			);
			buildRules = (
			);
			dependencies = (
			);
			name = GitHubUsers;
			productName = GitHubUsers;
			productReference = B44490032B19EC42004869AE /* GitHubUsers.app */;
			productType = "com.apple.product-type.application";
		};
		B44490122B19EC43004869AE /* GitHubUsersTests */ = {
			isa = PBXNativeTarget;
			buildConfigurationList = B444902A2B19EC43004869AE /* Build configuration list for PBXNativeTarget "GitHubUsersTests" */;
			buildPhases = (
				1F224E316449AB5380DBF3A1 /* [CP] Check Pods Manifest.lock */,
				B444900F2B19EC43004869AE /* Sources */,
				B44490102B19EC43004869AE /* Frameworks */,
				B44490112B19EC43004869AE /* Resources */,
			);
			buildRules = (
			);
			dependencies = (
				B44490152B19EC43004869AE /* PBXTargetDependency */,
			);
			name = GitHubUsersTests;
			productName = GitHubUsersTests;
			productReference = B44490132B19EC43004869AE /* GitHubUsersTests.xctest */;
			productType = "com.apple.product-type.bundle.unit-test";
		};
		B444901C2B19EC43004869AE /* GitHubUsersUITests */ = {
			isa = PBXNativeTarget;
			buildConfigurationList = B444902D2B19EC43004869AE /* Build configuration list for PBXNativeTarget "GitHubUsersUITests" */;
			buildPhases = (
				CE72628DE87E9B4AE0ACC608 /* [CP] Check Pods Manifest.lock */,
				B44490192B19EC43004869AE /* Sources */,
				B444901A2B19EC43004869AE /* Frameworks */,
				B444901B2B19EC43004869AE /* Resources */,
				0619738675DC7FDDCC828505 /* [CP] Embed Pods Frameworks */,
			);
			buildRules = (
			);
			dependencies = (
				B444901F2B19EC43004869AE /* PBXTargetDependency */,
			);
			name = GitHubUsersUITests;
			productName = GitHubUsersUITests;
			productReference = B444901D2B19EC43004869AE /* GitHubUsersUITests.xctest */;
			productType = "com.apple.product-type.bundle.ui-testing";
		};
/* End PBXNativeTarget section */

/* Begin PBXProject section */
		B4448FFB2B19EC42004869AE /* Project object */ = {
			isa = PBXProject;
			attributes = {
				BuildIndependentTargetsInParallel = 1;
				LastSwiftUpdateCheck = 1430;
				LastUpgradeCheck = 1430;
				TargetAttributes = {
					B44490022B19EC42004869AE = {
						CreatedOnToolsVersion = 14.3;
					};
					B44490122B19EC43004869AE = {
						CreatedOnToolsVersion = 14.3;
						TestTargetID = B44490022B19EC42004869AE;
					};
					B444901C2B19EC43004869AE = {
						CreatedOnToolsVersion = 14.3;
						TestTargetID = B44490022B19EC42004869AE;
					};
				};
			};
			buildConfigurationList = B4448FFE2B19EC42004869AE /* Build configuration list for PBXProject "GitHubUsers" */;
			compatibilityVersion = "Xcode 14.0";
			developmentRegion = en;
			hasScannedForEncodings = 0;
			knownRegions = (
				en,
				Base,
			);
			mainGroup = B4448FFA2B19EC42004869AE;
			productRefGroup = B44490042B19EC42004869AE /* Products */;
			projectDirPath = "";
			projectRoot = "";
			targets = (
				B44490022B19EC42004869AE /* GitHubUsers */,
				B44490122B19EC43004869AE /* GitHubUsersTests */,
				B444901C2B19EC43004869AE /* GitHubUsersUITests */,
			);
		};
/* End PBXProject section */

/* Begin PBXResourcesBuildPhase section */
		B44490012B19EC42004869AE /* Resources */ = {
			isa = PBXResourcesBuildPhase;
			buildActionMask = 2147483647;
			files = (
				B444900E2B19EC42004869AE /* Preview Assets.xcassets in Resources */,
				B444900B2B19EC42004869AE /* Assets.xcassets in Resources */,
			);
			runOnlyForDeploymentPostprocessing = 0;
		};
		B44490112B19EC43004869AE /* Resources */ = {
			isa = PBXResourcesBuildPhase;
			buildActionMask = 2147483647;
			files = (
			);
			runOnlyForDeploymentPostprocessing = 0;
		};
		B444901B2B19EC43004869AE /* Resources */ = {
			isa = PBXResourcesBuildPhase;
			buildActionMask = 2147483647;
			files = (
			);
			runOnlyForDeploymentPostprocessing = 0;
		};
/* End PBXResourcesBuildPhase section */

/* Begin PBXShellScriptBuildPhase section */
		0619738675DC7FDDCC828505 /* [CP] Embed Pods Frameworks */ = {
			isa = PBXShellScriptBuildPhase;
			buildActionMask = 2147483647;
			files = (
			);
			inputFileListPaths = (
				"${PODS_ROOT}/Target Support Files/Pods-GitHubUsers-GitHubUsersUITests/Pods-GitHubUsers-GitHubUsersUITests-frameworks-${CONFIGURATION}-input-files.xcfilelist",
			);
			name = "[CP] Embed Pods Frameworks";
			outputFileListPaths = (
				"${PODS_ROOT}/Target Support Files/Pods-GitHubUsers-GitHubUsersUITests/Pods-GitHubUsers-GitHubUsersUITests-frameworks-${CONFIGURATION}-output-files.xcfilelist",
			);
			runOnlyForDeploymentPostprocessing = 0;
			shellPath = /bin/sh;
			shellScript = "\"${PODS_ROOT}/Target Support Files/Pods-GitHubUsers-GitHubUsersUITests/Pods-GitHubUsers-GitHubUsersUITests-frameworks.sh\"\n";
			showEnvVarsInLog = 0;
		};
		1F224E316449AB5380DBF3A1 /* [CP] Check Pods Manifest.lock */ = {
			isa = PBXShellScriptBuildPhase;
			buildActionMask = 2147483647;
			files = (
			);
			inputFileListPaths = (
			);
			inputPaths = (
				"${PODS_PODFILE_DIR_PATH}/Podfile.lock",
				"${PODS_ROOT}/Manifest.lock",
			);
			name = "[CP] Check Pods Manifest.lock";
			outputFileListPaths = (
			);
			outputPaths = (
				"$(DERIVED_FILE_DIR)/Pods-GitHubUsersTests-checkManifestLockResult.txt",
			);
			runOnlyForDeploymentPostprocessing = 0;
			shellPath = /bin/sh;
			shellScript = "diff \"${PODS_PODFILE_DIR_PATH}/Podfile.lock\" \"${PODS_ROOT}/Manifest.lock\" > /dev/null\nif [ $? != 0 ] ; then\n    # print error to STDERR\n    echo \"error: The sandbox is not in sync with the Podfile.lock. Run 'pod install' or update your CocoaPods installation.\" >&2\n    exit 1\nfi\n# This output is used by Xcode 'outputs' to avoid re-running this script phase.\necho \"SUCCESS\" > \"${SCRIPT_OUTPUT_FILE_0}\"\n";
			showEnvVarsInLog = 0;
		};
		6FC990DC25341CD640C28B5A /* [CP] Embed Pods Frameworks */ = {
			isa = PBXShellScriptBuildPhase;
			buildActionMask = 2147483647;
			files = (
			);
			inputFileListPaths = (
				"${PODS_ROOT}/Target Support Files/Pods-GitHubUsers/Pods-GitHubUsers-frameworks-${CONFIGURATION}-input-files.xcfilelist",
			);
			name = "[CP] Embed Pods Frameworks";
			outputFileListPaths = (
				"${PODS_ROOT}/Target Support Files/Pods-GitHubUsers/Pods-GitHubUsers-frameworks-${CONFIGURATION}-output-files.xcfilelist",
			);
			runOnlyForDeploymentPostprocessing = 0;
			shellPath = /bin/sh;
			shellScript = "\"${PODS_ROOT}/Target Support Files/Pods-GitHubUsers/Pods-GitHubUsers-frameworks.sh\"\n";
			showEnvVarsInLog = 0;
		};
		C2BA0170792DCDAFD6D2BBB8 /* [CP] Check Pods Manifest.lock */ = {
			isa = PBXShellScriptBuildPhase;
			buildActionMask = 2147483647;
			files = (
			);
			inputFileListPaths = (
			);
			inputPaths = (
				"${PODS_PODFILE_DIR_PATH}/Podfile.lock",
				"${PODS_ROOT}/Manifest.lock",
			);
			name = "[CP] Check Pods Manifest.lock";
			outputFileListPaths = (
			);
			outputPaths = (
				"$(DERIVED_FILE_DIR)/Pods-GitHubUsers-checkManifestLockResult.txt",
			);
			runOnlyForDeploymentPostprocessing = 0;
			shellPath = /bin/sh;
			shellScript = "diff \"${PODS_PODFILE_DIR_PATH}/Podfile.lock\" \"${PODS_ROOT}/Manifest.lock\" > /dev/null\nif [ $? != 0 ] ; then\n    # print error to STDERR\n    echo \"error: The sandbox is not in sync with the Podfile.lock. Run 'pod install' or update your CocoaPods installation.\" >&2\n    exit 1\nfi\n# This output is used by Xcode 'outputs' to avoid re-running this script phase.\necho \"SUCCESS\" > \"${SCRIPT_OUTPUT_FILE_0}\"\n";
			showEnvVarsInLog = 0;
		};
		CE72628DE87E9B4AE0ACC608 /* [CP] Check Pods Manifest.lock */ = {
			isa = PBXShellScriptBuildPhase;
			buildActionMask = 2147483647;
			files = (
			);
			inputFileListPaths = (
			);
			inputPaths = (
				"${PODS_PODFILE_DIR_PATH}/Podfile.lock",
				"${PODS_ROOT}/Manifest.lock",
			);
			name = "[CP] Check Pods Manifest.lock";
			outputFileListPaths = (
			);
			outputPaths = (
				"$(DERIVED_FILE_DIR)/Pods-GitHubUsers-GitHubUsersUITests-checkManifestLockResult.txt",
			);
			runOnlyForDeploymentPostprocessing = 0;
			shellPath = /bin/sh;
			shellScript = "diff \"${PODS_PODFILE_DIR_PATH}/Podfile.lock\" \"${PODS_ROOT}/Manifest.lock\" > /dev/null\nif [ $? != 0 ] ; then\n    # print error to STDERR\n    echo \"error: The sandbox is not in sync with the Podfile.lock. Run 'pod install' or update your CocoaPods installation.\" >&2\n    exit 1\nfi\n# This output is used by Xcode 'outputs' to avoid re-running this script phase.\necho \"SUCCESS\" > \"${SCRIPT_OUTPUT_FILE_0}\"\n";
			showEnvVarsInLog = 0;
		};
/* End PBXShellScriptBuildPhase section */

/* Begin PBXSourcesBuildPhase section */
		B4448FFF2B19EC42004869AE /* Sources */ = {
			isa = PBXSourcesBuildPhase;
			buildActionMask = 2147483647;
			files = (
				B444903A2B19F1C7004869AE /* UserListViewModel.swift in Sources */,
				B44490412B19F3D2004869AE /* WebView.swift in Sources */,
				B44490372B19EF0A004869AE /* GitHubUsersRequest.swift in Sources */,
				B444903F2B19F39C004869AE /* UserListView.swift in Sources */,
				B44490072B19EC42004869AE /* GitHubUsersApp.swift in Sources */,
				B44490332B19ECD0004869AE /* User.swift in Sources */,
				B44490352B19ED2C004869AE /* GitHubUsersRepository.swift in Sources */,
				B444903D2B19F34F004869AE /* UserListCellView.swift in Sources */,
				B44490432B1AC24B004869AE /* APIKit.SessionTaskError+.swift in Sources */,
			);
			runOnlyForDeploymentPostprocessing = 0;
		};
		B444900F2B19EC43004869AE /* Sources */ = {
			isa = PBXSourcesBuildPhase;
			buildActionMask = 2147483647;
			files = (
				B44490182B19EC43004869AE /* GitHubUsersTests.swift in Sources */,
			);
			runOnlyForDeploymentPostprocessing = 0;
		};
		B44490192B19EC43004869AE /* Sources */ = {
			isa = PBXSourcesBuildPhase;
			buildActionMask = 2147483647;
			files = (
				B44490242B19EC43004869AE /* GitHubUsersUITestsLaunchTests.swift in Sources */,
				B44490222B19EC43004869AE /* GitHubUsersUITests.swift in Sources */,
			);
			runOnlyForDeploymentPostprocessing = 0;
		};
/* End PBXSourcesBuildPhase section */

/* Begin PBXTargetDependency section */
		B44490152B19EC43004869AE /* PBXTargetDependency */ = {
			isa = PBXTargetDependency;
			target = B44490022B19EC42004869AE /* GitHubUsers */;
			targetProxy = B44490142B19EC43004869AE /* PBXContainerItemProxy */;
		};
		B444901F2B19EC43004869AE /* PBXTargetDependency */ = {
			isa = PBXTargetDependency;
			target = B44490022B19EC42004869AE /* GitHubUsers */;
			targetProxy = B444901E2B19EC43004869AE /* PBXContainerItemProxy */;
		};
/* End PBXTargetDependency section */

/* Begin XCBuildConfiguration section */
		B44490252B19EC43004869AE /* Debug */ = {
			isa = XCBuildConfiguration;
			buildSettings = {
				ALWAYS_SEARCH_USER_PATHS = NO;
				CLANG_ANALYZER_NONNULL = YES;
				CLANG_ANALYZER_NUMBER_OBJECT_CONVERSION = YES_AGGRESSIVE;
				CLANG_CXX_LANGUAGE_STANDARD = "gnu++20";
				CLANG_ENABLE_MODULES = YES;
				CLANG_ENABLE_OBJC_ARC = YES;
				CLANG_ENABLE_OBJC_WEAK = YES;
				CLANG_WARN_BLOCK_CAPTURE_AUTORELEASING = YES;
				CLANG_WARN_BOOL_CONVERSION = YES;
				CLANG_WARN_COMMA = YES;
				CLANG_WARN_CONSTANT_CONVERSION = YES;
				CLANG_WARN_DEPRECATED_OBJC_IMPLEMENTATIONS = YES;
				CLANG_WARN_DIRECT_OBJC_ISA_USAGE = YES_ERROR;
				CLANG_WARN_DOCUMENTATION_COMMENTS = YES;
				CLANG_WARN_EMPTY_BODY = YES;
				CLANG_WARN_ENUM_CONVERSION = YES;
				CLANG_WARN_INFINITE_RECURSION = YES;
				CLANG_WARN_INT_CONVERSION = YES;
				CLANG_WARN_NON_LITERAL_NULL_CONVERSION = YES;
				CLANG_WARN_OBJC_IMPLICIT_RETAIN_SELF = YES;
				CLANG_WARN_OBJC_LITERAL_CONVERSION = YES;
				CLANG_WARN_OBJC_ROOT_CLASS = YES_ERROR;
				CLANG_WARN_QUOTED_INCLUDE_IN_FRAMEWORK_HEADER = YES;
				CLANG_WARN_RANGE_LOOP_ANALYSIS = YES;
				CLANG_WARN_STRICT_PROTOTYPES = YES;
				CLANG_WARN_SUSPICIOUS_MOVE = YES;
				CLANG_WARN_UNGUARDED_AVAILABILITY = YES_AGGRESSIVE;
				CLANG_WARN_UNREACHABLE_CODE = YES;
				CLANG_WARN__DUPLICATE_METHOD_MATCH = YES;
				COPY_PHASE_STRIP = NO;
				DEBUG_INFORMATION_FORMAT = dwarf;
				ENABLE_STRICT_OBJC_MSGSEND = YES;
				ENABLE_TESTABILITY = YES;
				GCC_C_LANGUAGE_STANDARD = gnu11;
				GCC_DYNAMIC_NO_PIC = NO;
				GCC_NO_COMMON_BLOCKS = YES;
				GCC_OPTIMIZATION_LEVEL = 0;
				GCC_PREPROCESSOR_DEFINITIONS = (
					"DEBUG=1",
					"$(inherited)",
				);
				GCC_WARN_64_TO_32_BIT_CONVERSION = YES;
				GCC_WARN_ABOUT_RETURN_TYPE = YES_ERROR;
				GCC_WARN_UNDECLARED_SELECTOR = YES;
				GCC_WARN_UNINITIALIZED_AUTOS = YES_AGGRESSIVE;
				GCC_WARN_UNUSED_FUNCTION = YES;
				GCC_WARN_UNUSED_VARIABLE = YES;
				IPHONEOS_DEPLOYMENT_TARGET = 16.4;
				MTL_ENABLE_DEBUG_INFO = INCLUDE_SOURCE;
				MTL_FAST_MATH = YES;
				ONLY_ACTIVE_ARCH = YES;
				SDKROOT = iphoneos;
				SWIFT_ACTIVE_COMPILATION_CONDITIONS = DEBUG;
				SWIFT_OPTIMIZATION_LEVEL = "-Onone";
			};
			name = Debug;
		};
		B44490262B19EC43004869AE /* Release */ = {
			isa = XCBuildConfiguration;
			buildSettings = {
				ALWAYS_SEARCH_USER_PATHS = NO;
				CLANG_ANALYZER_NONNULL = YES;
				CLANG_ANALYZER_NUMBER_OBJECT_CONVERSION = YES_AGGRESSIVE;
				CLANG_CXX_LANGUAGE_STANDARD = "gnu++20";
				CLANG_ENABLE_MODULES = YES;
				CLANG_ENABLE_OBJC_ARC = YES;
				CLANG_ENABLE_OBJC_WEAK = YES;
				CLANG_WARN_BLOCK_CAPTURE_AUTORELEASING = YES;
				CLANG_WARN_BOOL_CONVERSION = YES;
				CLANG_WARN_COMMA = YES;
				CLANG_WARN_CONSTANT_CONVERSION = YES;
				CLANG_WARN_DEPRECATED_OBJC_IMPLEMENTATIONS = YES;
				CLANG_WARN_DIRECT_OBJC_ISA_USAGE = YES_ERROR;
				CLANG_WARN_DOCUMENTATION_COMMENTS = YES;
				CLANG_WARN_EMPTY_BODY = YES;
				CLANG_WARN_ENUM_CONVERSION = YES;
				CLANG_WARN_INFINITE_RECURSION = YES;
				CLANG_WARN_INT_CONVERSION = YES;
				CLANG_WARN_NON_LITERAL_NULL_CONVERSION = YES;
				CLANG_WARN_OBJC_IMPLICIT_RETAIN_SELF = YES;
				CLANG_WARN_OBJC_LITERAL_CONVERSION = YES;
				CLANG_WARN_OBJC_ROOT_CLASS = YES_ERROR;
				CLANG_WARN_QUOTED_INCLUDE_IN_FRAMEWORK_HEADER = YES;
				CLANG_WARN_RANGE_LOOP_ANALYSIS = YES;
				CLANG_WARN_STRICT_PROTOTYPES = YES;
				CLANG_WARN_SUSPICIOUS_MOVE = YES;
				CLANG_WARN_UNGUARDED_AVAILABILITY = YES_AGGRESSIVE;
				CLANG_WARN_UNREACHABLE_CODE = YES;
				CLANG_WARN__DUPLICATE_METHOD_MATCH = YES;
				COPY_PHASE_STRIP = NO;
				DEBUG_INFORMATION_FORMAT = "dwarf-with-dsym";
				ENABLE_NS_ASSERTIONS = NO;
				ENABLE_STRICT_OBJC_MSGSEND = YES;
				GCC_C_LANGUAGE_STANDARD = gnu11;
				GCC_NO_COMMON_BLOCKS = YES;
				GCC_WARN_64_TO_32_BIT_CONVERSION = YES;
				GCC_WARN_ABOUT_RETURN_TYPE = YES_ERROR;
				GCC_WARN_UNDECLARED_SELECTOR = YES;
				GCC_WARN_UNINITIALIZED_AUTOS = YES_AGGRESSIVE;
				GCC_WARN_UNUSED_FUNCTION = YES;
				GCC_WARN_UNUSED_VARIABLE = YES;
				IPHONEOS_DEPLOYMENT_TARGET = 16.4;
				MTL_ENABLE_DEBUG_INFO = NO;
				MTL_FAST_MATH = YES;
				SDKROOT = iphoneos;
				SWIFT_COMPILATION_MODE = wholemodule;
				SWIFT_OPTIMIZATION_LEVEL = "-O";
				VALIDATE_PRODUCT = YES;
			};
			name = Release;
		};
		B44490282B19EC43004869AE /* Debug */ = {
			isa = XCBuildConfiguration;
			baseConfigurationReference = 50BE75575B21C184D2E41042 /* Pods-GitHubUsers.debug.xcconfig */;
			buildSettings = {
				ASSETCATALOG_COMPILER_APPICON_NAME = AppIcon;
				ASSETCATALOG_COMPILER_GLOBAL_ACCENT_COLOR_NAME = AccentColor;
				CODE_SIGN_STYLE = Automatic;
				CURRENT_PROJECT_VERSION = 1;
				DEVELOPMENT_ASSET_PATHS = "\"GitHubUsers/Preview Content\"";
				DEVELOPMENT_TEAM = MX2B93FCVT;
				ENABLE_PREVIEWS = YES;
				GENERATE_INFOPLIST_FILE = YES;
				INFOPLIST_KEY_UIApplicationSceneManifest_Generation = YES;
				INFOPLIST_KEY_UIApplicationSupportsIndirectInputEvents = YES;
				INFOPLIST_KEY_UILaunchScreen_Generation = YES;
				INFOPLIST_KEY_UISupportedInterfaceOrientations_iPad = "UIInterfaceOrientationPortrait UIInterfaceOrientationPortraitUpsideDown UIInterfaceOrientationLandscapeLeft UIInterfaceOrientationLandscapeRight";
				INFOPLIST_KEY_UISupportedInterfaceOrientations_iPhone = "UIInterfaceOrientationPortrait UIInterfaceOrientationLandscapeLeft UIInterfaceOrientationLandscapeRight";
				LD_RUNPATH_SEARCH_PATHS = (
					"$(inherited)",
					"@executable_path/Frameworks",
				);
				MARKETING_VERSION = 1.0;
				PRODUCT_BUNDLE_IDENTIFIER = com.skw398.GitHubUsers;
				PRODUCT_NAME = "$(TARGET_NAME)";
				SWIFT_EMIT_LOC_STRINGS = YES;
				SWIFT_VERSION = 5.0;
				TARGETED_DEVICE_FAMILY = "1,2";
			};
			name = Debug;
		};
		B44490292B19EC43004869AE /* Release */ = {
			isa = XCBuildConfiguration;
			baseConfigurationReference = BC12BD9335B819B1AA0C8054 /* Pods-GitHubUsers.release.xcconfig */;
			buildSettings = {
				ASSETCATALOG_COMPILER_APPICON_NAME = AppIcon;
				ASSETCATALOG_COMPILER_GLOBAL_ACCENT_COLOR_NAME = AccentColor;
				CODE_SIGN_STYLE = Automatic;
				CURRENT_PROJECT_VERSION = 1;
				DEVELOPMENT_ASSET_PATHS = "\"GitHubUsers/Preview Content\"";
				DEVELOPMENT_TEAM = MX2B93FCVT;
				ENABLE_PREVIEWS = YES;
				GENERATE_INFOPLIST_FILE = YES;
				INFOPLIST_KEY_UIApplicationSceneManifest_Generation = YES;
				INFOPLIST_KEY_UIApplicationSupportsIndirectInputEvents = YES;
				INFOPLIST_KEY_UILaunchScreen_Generation = YES;
				INFOPLIST_KEY_UISupportedInterfaceOrientations_iPad = "UIInterfaceOrientationPortrait UIInterfaceOrientationPortraitUpsideDown UIInterfaceOrientationLandscapeLeft UIInterfaceOrientationLandscapeRight";
				INFOPLIST_KEY_UISupportedInterfaceOrientations_iPhone = "UIInterfaceOrientationPortrait UIInterfaceOrientationLandscapeLeft UIInterfaceOrientationLandscapeRight";
				LD_RUNPATH_SEARCH_PATHS = (
					"$(inherited)",
					"@executable_path/Frameworks",
				);
				MARKETING_VERSION = 1.0;
				PRODUCT_BUNDLE_IDENTIFIER = com.skw398.GitHubUsers;
				PRODUCT_NAME = "$(TARGET_NAME)";
				SWIFT_EMIT_LOC_STRINGS = YES;
				SWIFT_VERSION = 5.0;
				TARGETED_DEVICE_FAMILY = "1,2";
			};
			name = Release;
		};
		B444902B2B19EC43004869AE /* Debug */ = {
			isa = XCBuildConfiguration;
			baseConfigurationReference = E35B89FF70B4A06A45E7BF45 /* Pods-GitHubUsersTests.debug.xcconfig */;
			buildSettings = {
				ALWAYS_EMBED_SWIFT_STANDARD_LIBRARIES = YES;
				BUNDLE_LOADER = "$(TEST_HOST)";
				CODE_SIGN_STYLE = Automatic;
				CURRENT_PROJECT_VERSION = 1;
				DEVELOPMENT_TEAM = MX2B93FCVT;
				GENERATE_INFOPLIST_FILE = YES;
				IPHONEOS_DEPLOYMENT_TARGET = 16.4;
				MARKETING_VERSION = 1.0;
				PRODUCT_BUNDLE_IDENTIFIER = com.skw398.GitHubUsersTests;
				PRODUCT_NAME = "$(TARGET_NAME)";
				SWIFT_EMIT_LOC_STRINGS = NO;
				SWIFT_VERSION = 5.0;
				TARGETED_DEVICE_FAMILY = "1,2";
				TEST_HOST = "$(BUILT_PRODUCTS_DIR)/GitHubUsers.app/$(BUNDLE_EXECUTABLE_FOLDER_PATH)/GitHubUsers";
			};
			name = Debug;
		};
		B444902C2B19EC43004869AE /* Release */ = {
			isa = XCBuildConfiguration;
			baseConfigurationReference = E971D9324D37E4556B154FC5 /* Pods-GitHubUsersTests.release.xcconfig */;
			buildSettings = {
				ALWAYS_EMBED_SWIFT_STANDARD_LIBRARIES = YES;
				BUNDLE_LOADER = "$(TEST_HOST)";
				CODE_SIGN_STYLE = Automatic;
				CURRENT_PROJECT_VERSION = 1;
				DEVELOPMENT_TEAM = MX2B93FCVT;
				GENERATE_INFOPLIST_FILE = YES;
				IPHONEOS_DEPLOYMENT_TARGET = 16.4;
				MARKETING_VERSION = 1.0;
				PRODUCT_BUNDLE_IDENTIFIER = com.skw398.GitHubUsersTests;
				PRODUCT_NAME = "$(TARGET_NAME)";
				SWIFT_EMIT_LOC_STRINGS = NO;
				SWIFT_VERSION = 5.0;
				TARGETED_DEVICE_FAMILY = "1,2";
				TEST_HOST = "$(BUILT_PRODUCTS_DIR)/GitHubUsers.app/$(BUNDLE_EXECUTABLE_FOLDER_PATH)/GitHubUsers";
			};
			name = Release;
		};
		B444902E2B19EC43004869AE /* Debug */ = {
			isa = XCBuildConfiguration;
			baseConfigurationReference = 15BC5790274842C06CCB402E /* Pods-GitHubUsers-GitHubUsersUITests.debug.xcconfig */;
			buildSettings = {
				ALWAYS_EMBED_SWIFT_STANDARD_LIBRARIES = YES;
				CODE_SIGN_STYLE = Automatic;
				CURRENT_PROJECT_VERSION = 1;
				DEVELOPMENT_TEAM = MX2B93FCVT;
				GENERATE_INFOPLIST_FILE = YES;
				MARKETING_VERSION = 1.0;
				PRODUCT_BUNDLE_IDENTIFIER = com.skw398.GitHubUsersUITests;
				PRODUCT_NAME = "$(TARGET_NAME)";
				SWIFT_EMIT_LOC_STRINGS = NO;
				SWIFT_VERSION = 5.0;
				TARGETED_DEVICE_FAMILY = "1,2";
				TEST_TARGET_NAME = GitHubUsers;
			};
			name = Debug;
		};
		B444902F2B19EC43004869AE /* Release */ = {
			isa = XCBuildConfiguration;
			baseConfigurationReference = 329C90677CB56559F20F3485 /* Pods-GitHubUsers-GitHubUsersUITests.release.xcconfig */;
			buildSettings = {
				ALWAYS_EMBED_SWIFT_STANDARD_LIBRARIES = YES;
				CODE_SIGN_STYLE = Automatic;
				CURRENT_PROJECT_VERSION = 1;
				DEVELOPMENT_TEAM = MX2B93FCVT;
				GENERATE_INFOPLIST_FILE = YES;
				MARKETING_VERSION = 1.0;
				PRODUCT_BUNDLE_IDENTIFIER = com.skw398.GitHubUsersUITests;
				PRODUCT_NAME = "$(TARGET_NAME)";
				SWIFT_EMIT_LOC_STRINGS = NO;
				SWIFT_VERSION = 5.0;
				TARGETED_DEVICE_FAMILY = "1,2";
				TEST_TARGET_NAME = GitHubUsers;
			};
			name = Release;
		};
/* End XCBuildConfiguration section */

/* Begin XCConfigurationList section */
		B4448FFE2B19EC42004869AE /* Build configuration list for PBXProject "GitHubUsers" */ = {
			isa = XCConfigurationList;
			buildConfigurations = (
				B44490252B19EC43004869AE /* Debug */,
				B44490262B19EC43004869AE /* Release */,
			);
			defaultConfigurationIsVisible = 0;
			defaultConfigurationName = Release;
		};
		B44490272B19EC43004869AE /* Build configuration list for PBXNativeTarget "GitHubUsers" */ = {
			isa = XCConfigurationList;
			buildConfigurations = (
				B44490282B19EC43004869AE /* Debug */,
				B44490292B19EC43004869AE /* Release */,
			);
			defaultConfigurationIsVisible = 0;
			defaultConfigurationName = Release;
		};
		B444902A2B19EC43004869AE /* Build configuration list for PBXNativeTarget "GitHubUsersTests" */ = {
			isa = XCConfigurationList;
			buildConfigurations = (
				B444902B2B19EC43004869AE /* Debug */,
				B444902C2B19EC43004869AE /* Release */,
			);
			defaultConfigurationIsVisible = 0;
			defaultConfigurationName = Release;
		};
		B444902D2B19EC43004869AE /* Build configuration list for PBXNativeTarget "GitHubUsersUITests" */ = {
			isa = XCConfigurationList;
			buildConfigurations = (
				B444902E2B19EC43004869AE /* Debug */,
				B444902F2B19EC43004869AE /* Release */,
			);
			defaultConfigurationIsVisible = 0;
			defaultConfigurationName = Release;
		};
/* End XCConfigurationList section */
	};
	rootObject = B4448FFB2B19EC42004869AE /* Project object */;
}
